{
    "_readme": [
        "This file locks the dependencies of your project to a known state",
        "Read more about it at https://getcomposer.org/doc/01-basic-usage.md#composer-lock-the-lock-file",
        "This file is @generated automatically"
    ],
    "hash": "99c7c683c835a0a9252424a700c22c70",
    "packages": [
        {
            "name": "michelf/php-markdown",
            "version": "1.5.0",
            "source": {
                "type": "git",
                "url": "https://github.com/michelf/php-markdown.git",
                "reference": "e1aabe18173231ebcefc90e615565742fc1c7fd9"
            },
            "dist": {
                "type": "zip",
                "url": "https://api.github.com/repos/michelf/php-markdown/zipball/e1aabe18173231ebcefc90e615565742fc1c7fd9",
                "reference": "e1aabe18173231ebcefc90e615565742fc1c7fd9",
                "shasum": ""
            },
            "require": {
                "php": ">=5.3.0"
            },
            "type": "library",
            "extra": {
                "branch-alias": {
                    "dev-lib": "1.4.x-dev"
                }
            },
            "autoload": {
                "psr-0": {
                    "Michelf": ""
                }
            },
            "notification-url": "https://packagist.org/downloads/",
            "license": [
                "BSD-3-Clause"
            ],
            "authors": [
                {
                    "name": "John Gruber",
                    "homepage": "http://daringfireball.net/"
                },
                {
                    "name": "Michel Fortin",
                    "email": "michel.fortin@michelf.ca",
                    "homepage": "https://michelf.ca/",
                    "role": "Developer"
                }
            ],
            "description": "PHP Markdown",
            "homepage": "https://michelf.ca/projects/php-markdown/",
            "keywords": [
                "markdown"
            ],
            "time": "2015-03-01 12:03:08"
        },
        {
            "name": "phile-cms/plugin-installer-plugin",
            "version": "dev-master",
            "source": {
                "type": "git",
                "url": "https://github.com/PhileCMS/ComposerPluginInstaller.git",
                "reference": "1d7ae559222917271f071e8463aa382871d20cb8"
            },
            "dist": {
                "type": "zip",
                "url": "https://api.github.com/repos/PhileCMS/ComposerPluginInstaller/zipball/1d7ae559222917271f071e8463aa382871d20cb8",
                "reference": "1d7ae559222917271f071e8463aa382871d20cb8",
                "shasum": ""
            },
            "require": {
                "composer-plugin-api": "1.0.0"
            },
            "type": "composer-plugin",
            "extra": {
                "class": "Phile\\Composer\\PluginInstallerPlugin"
            },
            "autoload": {
                "psr-0": {
                    "Phile\\Composer": "src/"
                }
            },
            "notification-url": "https://packagist.org/downloads/",
            "license": [
                "MIT"
            ],
            "authors": [
                {
                    "name": "Frank Nägler",
                    "email": "mail@naegler.net",
                    "homepage": "http://www.frank-naegler.de",
                    "role": "Developer"
                }
            ],
            "description": "Composer installer plugin for phile plugins",
            "homepage": "http://philecms.com",
            "keywords": [
                "cms",
                "composer",
                "markdown",
                "phile"
            ],
            "time": "2015-03-14 23:23:50"
        },
        {
            "name": "phpfastcache/phpfastcache",
            "version": "3.0.11",
            "source": {
                "type": "git",
                "url": "https://github.com/khoaofgod/phpfastcache.git",
                "reference": "5ee8aadcf04921f1b6f5742d2610973a5d8e9fe0"
            },
            "dist": {
                "type": "zip",
                "url": "https://api.github.com/repos/khoaofgod/phpfastcache/zipball/5ee8aadcf04921f1b6f5742d2610973a5d8e9fe0",
                "reference": "5ee8aadcf04921f1b6f5742d2610973a5d8e9fe0",
                "shasum": ""
            },
            "require": {
                "php": ">=5.1.0"
            },
            "type": "library",
            "autoload": {
                "files": [
                    "phpfastcache.php"
                ]
            },
            "notification-url": "https://packagist.org/downloads/",
            "license": [
                "MIT"
            ],
            "authors": [
                {
                    "name": "Khoa Bui",
                    "email": "khoaofgod@gmail.com",
                    "homepage": "http://www.phpfastcache.com",
                    "role": "Developer"
                }
            ],
            "description": "PHP Cache Class - Supported Redis, Cookie, Predis, APC, MemCached, WinCache, Files, PDO, Reduce mySQL Call by Caching",
            "homepage": "http://www.phpfastcache.com",
            "keywords": [
                "APC Cache",
                "apc",
                "cache",
                "cache class",
                "caching",
                "cookie",
                "files cache",
                "memcache",
                "memcached",
                "mysql cache",
                "pdo cache",
                "php cache",
                "predis",
                "redis",
                "wincache"
            ],
            "time": "2015-09-14 18:49:38"
        },
        {
            "name": "symfony/yaml",
            "version": "2.8.x-dev",
            "source": {
                "type": "git",
                "url": "https://github.com/symfony/Yaml.git",
                "reference": "d196cb1ac36901bde7d7fbed74ee31fdb85fd119"
            },
            "dist": {
                "type": "zip",
                "url": "https://api.github.com/repos/symfony/Yaml/zipball/d196cb1ac36901bde7d7fbed74ee31fdb85fd119",
                "reference": "d196cb1ac36901bde7d7fbed74ee31fdb85fd119",
                "shasum": ""
            },
            "require": {
                "php": ">=5.3.9"
            },
            "require-dev": {
                "symfony/phpunit-bridge": "~2.7|~3.0.0"
            },
            "type": "library",
            "extra": {
                "branch-alias": {
                    "dev-master": "2.8-dev"
                }
            },
            "autoload": {
                "psr-4": {
                    "Symfony\\Component\\Yaml\\": ""
                }
            },
            "notification-url": "https://packagist.org/downloads/",
            "license": [
                "MIT"
            ],
            "authors": [
                {
                    "name": "Fabien Potencier",
                    "email": "fabien@symfony.com"
                },
                {
                    "name": "Symfony Community",
                    "homepage": "https://symfony.com/contributors"
                }
            ],
            "description": "Symfony Yaml Component",
            "homepage": "https://symfony.com",
            "time": "2015-09-14 14:15:17"
        },
        {
            "name": "twig/twig",
            "version": "v1.15.1",
            "source": {
                "type": "git",
                "url": "https://github.com/twigphp/Twig.git",
                "reference": "1fb5784662f438d7d96a541e305e28b812e2eeed"
            },
            "dist": {
                "type": "zip",
                "url": "https://api.github.com/repos/twigphp/Twig/zipball/1fb5784662f438d7d96a541e305e28b812e2eeed",
                "reference": "1fb5784662f438d7d96a541e305e28b812e2eeed",
                "shasum": ""
            },
            "require": {
                "php": ">=5.2.4"
            },
            "type": "library",
            "extra": {
                "branch-alias": {
                    "dev-master": "1.15-dev"
                }
            },
            "autoload": {
                "psr-0": {
                    "Twig_": "lib/"
                }
            },
            "notification-url": "https://packagist.org/downloads/",
            "license": [
                "BSD-3-Clause"
            ],
            "authors": [
                {
                    "name": "Fabien Potencier",
                    "email": "fabien@symfony.com",
                    "homepage": "http://fabien.potencier.org",
                    "role": "Lead Developer"
                },
                {
                    "name": "Armin Ronacher",
                    "email": "armin.ronacher@active-4.com",
                    "role": "Project Founder"
                },
                {
                    "name": "Twig Team",
                    "homepage": "https://github.com/fabpot/Twig/graphs/contributors",
                    "role": "Contributors"
                }
            ],
            "description": "Twig, the flexible, fast, and secure template language for PHP",
            "homepage": "http://twig.sensiolabs.org",
            "keywords": [
                "templating"
            ],
            "time": "2014-02-13 10:19:29"
        }
    ],
    "packages-dev": [],
    "aliases": [],
    "minimum-stability": "dev",
    "stability-flags": [],
    "prefer-stable": false,
    "prefer-lowest": false,
    "platform": {
        "php": ">=5.4.0"
    },
    "platform-dev": []
}
